
Microsoft Visual Studio Solution File, Format Version 12.00
# Visual Studio Version 17
VisualStudioVersion = 17.13.35806.99 d17.13
MinimumVisualStudioVersion = 10.0.40219.1
Project("{FAE04EC0-301F-11D3-BF4B-00C04F79EFBC}") = "NuvellAPI", "NuvellAPI\NuvellAPI.csproj", "{1396778E-0DB1-48EE-A2AA-2DD0F3D0A612}"
EndProject
Global
	GlobalSection(SolutionConfigurationPlatforms) = preSolution
		Debug|Any CPU = Debug|Any CPU
		Release|Any CPU = Release|Any CPU
	EndGlobalSection
	GlobalSection(ProjectConfigurationPlatforms) = postSolution
		{1396778E-0DB1-48EE-A2AA-2DD0F3D0A612}.Debug|Any CPU.ActiveCfg = Debug|Any CPU
		{1396778E-0DB1-48EE-A2AA-2DD0F3D0A612}.Debug|Any CPU.Build.0 = Debug|Any CPU
		{1396778E-0DB1-48EE-A2AA-2DD0F3D0A612}.Release|Any CPU.ActiveCfg = Release|Any CPU
		{1396778E-0DB1-48EE-A2AA-2DD0F3D0A612}.Release|Any CPU.Build.0 = Release|Any CPU
	EndGlobalSection
	GlobalSection(SolutionProperties) = preSolution
		HideSolutionNode = FALSE
	EndGlobalSection
	GlobalSection(ExtensibilityGlobals) = postSolution
		SolutionGuid = {81F7717F-179D-4F7E-8D64-079772563230}
	EndGlobalSection
EndGlobal
